// !$*UTF8*$!
{
	archiveVersion = 1;
	classes = {
	};
	objectVersion = 50;
	objects = {

/* Begin PBXBuildFile section */
		6C1D194F235BCD730004FDD9 /* AppDelegate.swift in Sources */ = {isa = PBXBuildFile; fileRef = 6C1D194E235BCD730004FDD9 /* AppDelegate.swift */; };
		6C1D1951235BCD740004FDD9 /* SceneDelegate.swift in Sources */ = {isa = PBXBuildFile; fileRef = 6C1D1950235BCD740004FDD9 /* SceneDelegate.swift */; };
		6C1D1953235BCD740004FDD9 /* ViewController.swift in Sources */ = {isa = PBXBuildFile; fileRef = 6C1D1952235BCD740004FDD9 /* ViewController.swift */; };
		6C1D1956235BCD740004FDD9 /* Main.storyboard in Resources */ = {isa = PBXBuildFile; fileRef = 6C1D1954235BCD740004FDD9 /* Main.storyboard */; };
		6C1D1958235BCD750004FDD9 /* Assets.xcassets in Resources */ = {isa = PBXBuildFile; fileRef = 6C1D1957235BCD750004FDD9 /* Assets.xcassets */; };
		6C1D195B235BCD750004FDD9 /* LaunchScreen.storyboard in Resources */ = {isa = PBXBuildFile; fileRef = 6C1D1959235BCD750004FDD9 /* LaunchScreen.storyboard */; };
		6C1D1963235BCF460004FDD9 /* CardViewController.xib in Resources */ = {isa = PBXBuildFile; fileRef = 6C1D1962235BCF460004FDD9 /* CardViewController.xib */; };
		6C1D1965235BD6270004FDD9 /* CardViewController.swift in Sources */ = {isa = PBXBuildFile; fileRef = 6C1D1964235BD6270004FDD9 /* CardViewController.swift */; };
/* End PBXBuildFile section */

/* Begin PBXFileReference section */
		6C1D194B235BCD730004FDD9 /* CardViewCustom.app */ = {isa = PBXFileReference; explicitFileType = wrapper.application; includeInIndex = 0; path = CardViewCustom.app; sourceTree = BUILT_PRODUCTS_DIR; };
		6C1D194E235BCD730004FDD9 /* AppDelegate.swift */ = {isa = PBXFileReference; lastKnownFileType = sourcecode.swift; path = AppDelegate.swift; sourceTree = "<group>"; };
		6C1D1950235BCD740004FDD9 /* SceneDelegate.swift */ = {isa = PBXFileReference; lastKnownFileType = sourcecode.swift; path = SceneDelegate.swift; sourceTree = "<group>"; };
		6C1D1952235BCD740004FDD9 /* ViewController.swift */ = {isa = PBXFileReference; lastKnownFileType = sourcecode.swift; path = ViewController.swift; sourceTree = "<group>"; };
		6C1D1955235BCD740004FDD9 /* Base */ = {isa = PBXFileReference; lastKnownFileType = file.storyboard; name = Base; path = Base.lproj/Main.storyboard; sourceTree = "<group>"; };
		6C1D1957235BCD750004FDD9 /* Assets.xcassets */ = {isa = PBXFileReference; lastKnownFileType = folder.assetcatalog; path = Assets.xcassets; sourceTree = "<group>"; };
		6C1D195A235BCD750004FDD9 /* Base */ = {isa = PBXFileReference; lastKnownFileType = file.storyboard; name = Base; path = Base.lproj/LaunchScreen.storyboard; sourceTree = "<group>"; };
		6C1D195C235BCD750004FDD9 /* Info.plist */ = {isa = PBXFileReference; lastKnownFileType = text.plist.xml; path = Info.plist; sourceTree = "<group>"; };
		6C1D1962235BCF460004FDD9 /* CardViewController.xib */ = {isa = PBXFileReference; lastKnownFileType = file.xib; path = CardViewController.xib; sourceTree = "<group>"; };
		6C1D1964235BD6270004FDD9 /* CardViewController.swift */ = {isa = PBXFileReference; lastKnownFileType = sourcecode.swift; path = CardViewController.swift; sourceTree = "<group>"; };
/* End PBXFileReference section */

/* Begin PBXFrameworksBuildPhase section */
		6C1D1948235BCD730004FDD9 /* Frameworks */ = {
			isa = PBXFrameworksBuildPhase;
			buildActionMask = 2147483647;
			files = (
			);
			runOnlyForDeploymentPostprocessing = 0;
		};
/* End PBXFrameworksBuildPhase section */

/* Begin PBXGroup section */
		6C1D1942235BCD730004FDD9 = {
			isa = PBXGroup;
			children = (
				6C1D194D235BCD730004FDD9 /* CardViewCustom */,
				6C1D194C235BCD730004FDD9 /* Products */,
			);
			sourceTree = "<group>";
		};
		6C1D194C235BCD730004FDD9 /* Products */ = {
			isa = PBXGroup;
			children = (
				6C1D194B235BCD730004FDD9 /* CardViewCustom.app */,
			);
			name = Products;
			sourceTree = "<group>";
		};
		6C1D194D235BCD730004FDD9 /* CardViewCustom */ = {
			isa = PBXGroup;
			children = (
				6C1D194E235BCD730004FDD9 /* AppDelegate.swift */,
				6C1D1950235BCD740004FDD9 /* SceneDelegate.swift */,
				6C1D1952235BCD740004FDD9 /* ViewController.swift */,
				6C1D1954235BCD740004FDD9 /* Main.storyboard */,
				6C1D1957235BCD750004FDD9 /* Assets.xcassets */,
				6C1D1959235BCD750004FDD9 /* LaunchScreen.storyboard */,
				6C1D195C235BCD750004FDD9 /* Info.plist */,
				6C1D1962235BCF460004FDD9 /* CardViewController.xib */,
				6C1D1964235BD6270004FDD9 /* CardViewController.swift */,
			);
			path = CardViewCustom;
			sourceTree = "<group>";
		};
/* End PBXGroup section */

/* Begin PBXNativeTarget section */
		6C1D194A235BCD730004FDD9 /* CardViewCustom */ = {
			isa = PBXNativeTarget;
			buildConfigurationList = 6C1D195F235BCD750004FDD9 /* Build configuration list for PBXNativeTarget "CardViewCustom" */;
			buildPhases = (
				6C1D1947235BCD730004FDD9 /* Sources */,
				6C1D1948235BCD730004FDD9 /* Frameworks */,
				6C1D1949235BCD730004FDD9 /* Resources */,
			);
			buildRules = (
			);
			dependencies = (
			);
			name = CardViewCustom;
			productName = CardViewCustom;
			productReference = 6C1D194B235BCD730004FDD9 /* CardViewCustom.app */;
			productType = "com.apple.product-type.application";
		};
/* End PBXNativeTarget section */

/* Begin PBXProject section */
		6C1D1943235BCD730004FDD9 /* Project object */ = {
			isa = PBXProject;
			attributes = {
				LastSwiftUpdateCheck = 1110;
				LastUpgradeCheck = 1110;
				ORGANIZATIONNAME = "Alejandro Ariza";
				TargetAttributes = {
					6C1D194A235BCD730004FDD9 = {
						CreatedOnToolsVersion = 11.1;
					};
				};
			};
			buildConfigurationList = 6C1D1946235BCD730004FDD9 /* Build configuration list for PBXProject "CardViewCustom" */;
			compatibilityVersion = "Xcode 9.3";
			developmentRegion = en;
			hasScannedForEncodings = 0;
			knownRegions = (
				en,
				Base,
			);
			mainGroup = 6C1D1942235BCD730004FDD9;
			productRefGroup = 6C1D194C235BCD730004FDD9 /* Products */;
			projectDirPath = "";
			projectRoot = "";
			targets = (
				6C1D194A235BCD730004FDD9 /* CardViewCustom */,
			);
		};
/* End PBXProject section */

/* Begin PBXResourcesBuildPhase section */
		6C1D1949235BCD730004FDD9 /* Resources */ = {
			isa = PBXResourcesBuildPhase;
			buildActionMask = 2147483647;
			files = (
				6C1D1963235BCF460004FDD9 /* CardViewController.xib in Resources */,
				6C1D195B235BCD750004FDD9 /* LaunchScreen.storyboard in Resources */,
				6C1D1958235BCD750004FDD9 /* Assets.xcassets in Resources */,
				6C1D1956235BCD740004FDD9 /* Main.storyboard in Resources */,
			);
			runOnlyForDeploymentPostprocessing = 0;
		};
/* End PBXResourcesBuildPhase section */

/* Begin PBXSourcesBuildPhase section */
		6C1D1947235BCD730004FDD9 /* Sources */ = {
			isa = PBXSourcesBuildPhase;
			buildActionMask = 2147483647;
			files = (
				6C1D1965235BD6270004FDD9 /* CardViewController.swift in Sources */,
				6C1D1953235BCD740004FDD9 /* ViewController.swift in Sources */,
				6C1D194F235BCD730004FDD9 /* AppDelegate.swift in Sources */,
				6C1D1951235BCD740004FDD9 /* SceneDelegate.swift in Sources */,
			);
			runOnlyForDeploymentPostprocessing = 0;
		};
/* End PBXSourcesBuildPhase section */

/* Begin PBXVariantGroup section */
		6C1D1954235BCD740004FDD9 /* Main.storyboard */ = {
			isa = PBXVariantGroup;
			children = (
				6C1D1955235BCD740004FDD9 /* Base */,
			);
			name = Main.storyboard;
			sourceTree = "<group>";
		};
		6C1D1959235BCD750004FDD9 /* LaunchScreen.storyboard */ = {
			isa = PBXVariantGroup;
			children = (
				6C1D195A235BCD750004FDD9 /* Base */,
			);
			name = LaunchScreen.storyboard;
			sourceTree = "<group>";
		};
/* End PBXVariantGroup section */

/* Begin XCBuildConfiguration section */
		6C1D195D235BCD750004FDD9 /* Debug */ = {
			isa = XCBuildConfiguration;
			buildSettings = {
				ALWAYS_SEARCH_USER_PATHS = NO;
				CLANG_ANALYZER_NONNULL = YES;
				CLANG_ANALYZER_NUMBER_OBJECT_CONVERSION = YES_AGGRESSIVE;
				CLANG_CXX_LANGUAGE_STANDARD = "gnu++14";
				CLANG_CXX_LIBRARY = "libc++";
				CLANG_ENABLE_MODULES = YES;
				CLANG_ENABLE_OBJC_ARC = YES;
				CLANG_ENABLE_OBJC_WEAK = YES;
				CLANG_WARN_BLOCK_CAPTURE_AUTORELEASING = YES;
				CLANG_WARN_BOOL_CONVERSION = YES;
				CLANG_WARN_COMMA = YES;
				CLANG_WARN_CONSTANT_CONVERSION = YES;
				CLANG_WARN_DEPRECATED_OBJC_IMPLEMENTATIONS = YES;
				CLANG_WARN_DIRECT_OBJC_ISA_USAGE = YES_ERROR;
				CLANG_WARN_DOCUMENTATION_COMMENTS = YES;
				CLANG_WARN_EMPTY_BODY = YES;
				CLANG_WARN_ENUM_CONVERSION = YES;
				CLANG_WARN_INFINITE_RECURSION = YES;
				CLANG_WARN_INT_CONVERSION = YES;
				CLANG_WARN_NON_LITERAL_NULL_CONVERSION = YES;
				CLANG_WARN_OBJC_IMPLICIT_RETAIN_SELF = YES;
				CLANG_WARN_OBJC_LITERAL_CONVERSION = YES;
				CLANG_WARN_OBJC_ROOT_CLASS = YES_ERROR;
				CLANG_WARN_RANGE_LOOP_ANALYSIS = YES;
				CLANG_WARN_STRICT_PROTOTYPES = YES;
				CLANG_WARN_SUSPICIOUS_MOVE = YES;
				CLANG_WARN_UNGUARDED_AVAILABILITY = YES_AGGRESSIVE;
				CLANG_WARN_UNREACHABLE_CODE = YES;
				CLANG_WARN__DUPLICATE_METHOD_MATCH = YES;
				COPY_PHASE_STRIP = NO;
				DEBUG_INFORMATION_FORMAT = dwarf;
				ENABLE_STRICT_OBJC_MSGSEND = YES;
				ENABLE_TESTABILITY = YES;
				GCC_C_LANGUAGE_STANDARD = gnu11;
				GCC_DYNAMIC_NO_PIC = NO;
				GCC_NO_COMMON_BLOCKS = YES;
				GCC_OPTIMIZATION_LEVEL = 0;
				GCC_PREPROCESSOR_DEFINITIONS = (
					"DEBUG=1",
					"$(inherited)",
				);
				GCC_WARN_64_TO_32_BIT_CONVERSION = YES;
				GCC_WARN_ABOUT_RETURN_TYPE = YES_ERROR;
				GCC_WARN_UNDECLARED_SELECTOR = YES;
				GCC_WARN_UNINITIALIZED_AUTOS = YES_AGGRESSIVE;
				GCC_WARN_UNUSED_FUNCTION = YES;
				GCC_WARN_UNUSED_VARIABLE = YES;
				IPHONEOS_DEPLOYMENT_TARGET = 13.1;
				MTL_ENABLE_DEBUG_INFO = INCLUDE_SOURCE;
				MTL_FAST_MATH = YES;
				ONLY_ACTIVE_ARCH = YES;
				SDKROOT = iphoneos;
				SWIFT_ACTIVE_COMPILATION_CONDITIONS = DEBUG;
				SWIFT_OPTIMIZATION_LEVEL = "-Onone";
			};
			name = Debug;
		};
		6C1D195E235BCD750004FDD9 /* Release */ = {
			isa = XCBuildConfiguration;
			buildSettings = {
				ALWAYS_SEARCH_USER_PATHS = NO;
				CLANG_ANALYZER_NONNULL = YES;
				CLANG_ANALYZER_NUMBER_OBJECT_CONVERSION = YES_AGGRESSIVE;
				CLANG_CXX_LANGUAGE_STANDARD = "gnu++14";
				CLANG_CXX_LIBRARY = "libc++";
				CLANG_ENABLE_MODULES = YES;
				CLANG_ENABLE_OBJC_ARC = YES;
				CLANG_ENABLE_OBJC_WEAK = YES;
				CLANG_WARN_BLOCK_CAPTURE_AUTORELEASING = YES;
				CLANG_WARN_BOOL_CONVERSION = YES;
				CLANG_WARN_COMMA = YES;
				CLANG_WARN_CONSTANT_CONVERSION = YES;
				CLANG_WARN_DEPRECATED_OBJC_IMPLEMENTATIONS = YES;
				CLANG_WARN_DIRECT_OBJC_ISA_USAGE = YES_ERROR;
				CLANG_WARN_DOCUMENTATION_COMMENTS = YES;
				CLANG_WARN_EMPTY_BODY = YES;
				CLANG_WARN_ENUM_CONVERSION = YES;
				CLANG_WARN_INFINITE_RECURSION = YES;
				CLANG_WARN_INT_CONVERSION = YES;
				CLANG_WARN_NON_LITERAL_NULL_CONVERSION = YES;
				CLANG_WARN_OBJC_IMPLICIT_RETAIN_SELF = YES;
				CLANG_WARN_OBJC_LITERAL_CONVERSION = YES;
				CLANG_WARN_OBJC_ROOT_CLASS = YES_ERROR;
				CLANG_WARN_RANGE_LOOP_ANALYSIS = YES;
				CLANG_WARN_STRICT_PROTOTYPES = YES;
				CLANG_WARN_SUSPICIOUS_MOVE = YES;
				CLANG_WARN_UNGUARDED_AVAILABILITY = YES_AGGRESSIVE;
				CLANG_WARN_UNREACHABLE_CODE = YES;
				CLANG_WARN__DUPLICATE_METHOD_MATCH = YES;
				COPY_PHASE_STRIP = NO;
				DEBUG_INFORMATION_FORMAT = "dwarf-with-dsym";
				ENABLE_NS_ASSERTIONS = NO;
				ENABLE_STRICT_OBJC_MSGSEND = YES;
				GCC_C_LANGUAGE_STANDARD = gnu11;
				GCC_NO_COMMON_BLOCKS = YES;
				GCC_WARN_64_TO_32_BIT_CONVERSION = YES;
				GCC_WARN_ABOUT_RETURN_TYPE = YES_ERROR;
				GCC_WARN_UNDECLARED_SELECTOR = YES;
				GCC_WARN_UNINITIALIZED_AUTOS = YES_AGGRESSIVE;
				GCC_WARN_UNUSED_FUNCTION = YES;
				GCC_WARN_UNUSED_VARIABLE = YES;
				IPHONEOS_DEPLOYMENT_TARGET = 13.1;
				MTL_ENABLE_DEBUG_INFO = NO;
				MTL_FAST_MATH = YES;
				SDKROOT = iphoneos;
				SWIFT_COMPILATION_MODE = wholemodule;
				SWIFT_OPTIMIZATION_LEVEL = "-O";
				VALIDATE_PRODUCT = YES;
			};
			name = Release;
		};
		6C1D1960235BCD750004FDD9 /* Debug */ = {
			isa = XCBuildConfiguration;
			buildSettings = {
				ASSETCATALOG_COMPILER_APPICON_NAME = AppIcon;
				CODE_SIGN_STYLE = Automatic;
				DEVELOPMENT_TEAM = H2ME4JH86N;
				INFOPLIST_FILE = CardViewCustom/Info.plist;
				LD_RUNPATH_SEARCH_PATHS = (
					"$(inherited)",
					"@executable_path/Frameworks",
				);
				PRODUCT_BUNDLE_IDENTIFIER = com.n0rf3n.CardViewCustom;
				PRODUCT_NAME = "$(TARGET_NAME)";
				SWIFT_VERSION = 5.0;
				TARGETED_DEVICE_FAMILY = "1,2";
			};
			name = Debug;
		};
		6C1D1961235BCD750004FDD9 /* Release */ = {
			isa = XCBuildConfiguration;
			buildSettings = {
				ASSETCATALOG_COMPILER_APPICON_NAME = AppIcon;
				CODE_SIGN_STYLE = Automatic;
				DEVELOPMENT_TEAM = H2ME4JH86N;
				INFOPLIST_FILE = CardViewCustom/Info.plist;
				LD_RUNPATH_SEARCH_PATHS = (
					"$(inherited)",
					"@executable_path/Frameworks",
				);
				PRODUCT_BUNDLE_IDENTIFIER = com.n0rf3n.CardViewCustom;
				PRODUCT_NAME = "$(TARGET_NAME)";
				SWIFT_VERSION = 5.0;
				TARGETED_DEVICE_FAMILY = "1,2";
			};
			name = Release;
		};
/* End XCBuildConfiguration section */

/* Begin XCConfigurationList section */
		6C1D1946235BCD730004FDD9 /* Build configuration list for PBXProject "CardViewCustom" */ = {
			isa = XCConfigurationList;
			buildConfigurations = (
				6C1D195D235BCD750004FDD9 /* Debug */,
				6C1D195E235BCD750004FDD9 /* Release */,
			);
			defaultConfigurationIsVisible = 0;
			defaultConfigurationName = Release;
		};
		6C1D195F235BCD750004FDD9 /* Build configuration list for PBXNativeTarget "CardViewCustom" */ = {
			isa = XCConfigurationList;
			buildConfigurations = (
				6C1D1960235BCD750004FDD9 /* Debug */,
				6C1D1961235BCD750004FDD9 /* Release */,
			);
			defaultConfigurationIsVisible = 0;
			defaultConfigurationName = Release;
		};
/* End XCConfigurationList section */
	};
	rootObject = 6C1D1943235BCD730004FDD9 /* Project object */;
}
