// !$*UTF8*$!
{
	archiveVersion = 1;
	classes = {
	};
	objectVersion = 46;
	objects = {

/* Begin PBXBuildFile section */
		EC93CD871C7E3DB900BC21F4 /* main.m in Sources */ = {isa = PBXBuildFile; fileRef = EC93CD861C7E3DB900BC21F4 /* main.m */; };
		EC93CD8A1C7E3DB900BC21F4 /* AppDelegate.m in Sources */ = {isa = PBXBuildFile; fileRef = EC93CD891C7E3DB900BC21F4 /* AppDelegate.m */; };
		EC93CD8D1C7E3DB900BC21F4 /* ViewController.m in Sources */ = {isa = PBXBuildFile; fileRef = EC93CD8C1C7E3DB900BC21F4 /* ViewController.m */; };
		EC93CD901C7E3DB900BC21F4 /* Main.storyboard in Resources */ = {isa = PBXBuildFile; fileRef = EC93CD8E1C7E3DB900BC21F4 /* Main.storyboard */; };
		EC93CD921C7E3DB900BC21F4 /* Assets.xcassets in Resources */ = {isa = PBXBuildFile; fileRef = EC93CD911C7E3DB900BC21F4 /* Assets.xcassets */; };
		EC93CD951C7E3DB900BC21F4 /* LaunchScreen.storyboard in Resources */ = {isa = PBXBuildFile; fileRef = EC93CD931C7E3DB900BC21F4 /* LaunchScreen.storyboard */; };
		EC93CDA01C7E3DB900BC21F4 /* UITextFieldTests.m in Sources */ = {isa = PBXBuildFile; fileRef = EC93CD9F1C7E3DB900BC21F4 /* UITextFieldTests.m */; };
		EC93CDAB1C7E3DB900BC21F4 /* UITextFieldUITests.m in Sources */ = {isa = PBXBuildFile; fileRef = EC93CDAA1C7E3DB900BC21F4 /* UITextFieldUITests.m */; };
/* End PBXBuildFile section */

/* Begin PBXContainerItemProxy section */
		EC93CD9C1C7E3DB900BC21F4 /* PBXContainerItemProxy */ = {
			isa = PBXContainerItemProxy;
			containerPortal = EC93CD7A1C7E3DB900BC21F4 /* Project object */;
			proxyType = 1;
			remoteGlobalIDString = EC93CD811C7E3DB900BC21F4;
			remoteInfo = UITextField;
		};
		EC93CDA71C7E3DB900BC21F4 /* PBXContainerItemProxy */ = {
			isa = PBXContainerItemProxy;
			containerPortal = EC93CD7A1C7E3DB900BC21F4 /* Project object */;
			proxyType = 1;
			remoteGlobalIDString = EC93CD811C7E3DB900BC21F4;
			remoteInfo = UITextField;
		};
/* End PBXContainerItemProxy section */

/* Begin PBXFileReference section */
		EC93CD821C7E3DB900BC21F4 /* UITextField.app */ = {isa = PBXFileReference; explicitFileType = wrapper.application; includeInIndex = 0; path = UITextField.app; sourceTree = BUILT_PRODUCTS_DIR; };
		EC93CD861C7E3DB900BC21F4 /* main.m */ = {isa = PBXFileReference; lastKnownFileType = sourcecode.c.objc; path = main.m; sourceTree = "<group>"; };
		EC93CD881C7E3DB900BC21F4 /* AppDelegate.h */ = {isa = PBXFileReference; lastKnownFileType = sourcecode.c.h; path = AppDelegate.h; sourceTree = "<group>"; };
		EC93CD891C7E3DB900BC21F4 /* AppDelegate.m */ = {isa = PBXFileReference; lastKnownFileType = sourcecode.c.objc; path = AppDelegate.m; sourceTree = "<group>"; };
		EC93CD8B1C7E3DB900BC21F4 /* ViewController.h */ = {isa = PBXFileReference; lastKnownFileType = sourcecode.c.h; path = ViewController.h; sourceTree = "<group>"; };
		EC93CD8C1C7E3DB900BC21F4 /* ViewController.m */ = {isa = PBXFileReference; lastKnownFileType = sourcecode.c.objc; path = ViewController.m; sourceTree = "<group>"; };
		EC93CD8F1C7E3DB900BC21F4 /* Base */ = {isa = PBXFileReference; lastKnownFileType = file.storyboard; name = Base; path = Base.lproj/Main.storyboard; sourceTree = "<group>"; };
		EC93CD911C7E3DB900BC21F4 /* Assets.xcassets */ = {isa = PBXFileReference; lastKnownFileType = folder.assetcatalog; path = Assets.xcassets; sourceTree = "<group>"; };
		EC93CD941C7E3DB900BC21F4 /* Base */ = {isa = PBXFileReference; lastKnownFileType = file.storyboard; name = Base; path = Base.lproj/LaunchScreen.storyboard; sourceTree = "<group>"; };
		EC93CD961C7E3DB900BC21F4 /* Info.plist */ = {isa = PBXFileReference; lastKnownFileType = text.plist.xml; path = Info.plist; sourceTree = "<group>"; };
		EC93CD9B1C7E3DB900BC21F4 /* UITextFieldTests.xctest */ = {isa = PBXFileReference; explicitFileType = wrapper.cfbundle; includeInIndex = 0; path = UITextFieldTests.xctest; sourceTree = BUILT_PRODUCTS_DIR; };
		EC93CD9F1C7E3DB900BC21F4 /* UITextFieldTests.m */ = {isa = PBXFileReference; lastKnownFileType = sourcecode.c.objc; path = UITextFieldTests.m; sourceTree = "<group>"; };
		EC93CDA11C7E3DB900BC21F4 /* Info.plist */ = {isa = PBXFileReference; lastKnownFileType = text.plist.xml; path = Info.plist; sourceTree = "<group>"; };
		EC93CDA61C7E3DB900BC21F4 /* UITextFieldUITests.xctest */ = {isa = PBXFileReference; explicitFileType = wrapper.cfbundle; includeInIndex = 0; path = UITextFieldUITests.xctest; sourceTree = BUILT_PRODUCTS_DIR; };
		EC93CDAA1C7E3DB900BC21F4 /* UITextFieldUITests.m */ = {isa = PBXFileReference; lastKnownFileType = sourcecode.c.objc; path = UITextFieldUITests.m; sourceTree = "<group>"; };
		EC93CDAC1C7E3DB900BC21F4 /* Info.plist */ = {isa = PBXFileReference; lastKnownFileType = text.plist.xml; path = Info.plist; sourceTree = "<group>"; };
/* End PBXFileReference section */

/* Begin PBXFrameworksBuildPhase section */
		EC93CD7F1C7E3DB900BC21F4 /* Frameworks */ = {
			isa = PBXFrameworksBuildPhase;
			buildActionMask = 2147483647;
			files = (
			);
			runOnlyForDeploymentPostprocessing = 0;
		};
		EC93CD981C7E3DB900BC21F4 /* Frameworks */ = {
			isa = PBXFrameworksBuildPhase;
			buildActionMask = 2147483647;
			files = (
			);
			runOnlyForDeploymentPostprocessing = 0;
		};
		EC93CDA31C7E3DB900BC21F4 /* Frameworks */ = {
			isa = PBXFrameworksBuildPhase;
			buildActionMask = 2147483647;
			files = (
			);
			runOnlyForDeploymentPostprocessing = 0;
		};
/* End PBXFrameworksBuildPhase section */

/* Begin PBXGroup section */
		EC93CD791C7E3DB900BC21F4 = {
			isa = PBXGroup;
			children = (
				EC93CD841C7E3DB900BC21F4 /* UITextField */,
				EC93CD9E1C7E3DB900BC21F4 /* UITextFieldTests */,
				EC93CDA91C7E3DB900BC21F4 /* UITextFieldUITests */,
				EC93CD831C7E3DB900BC21F4 /* Products */,
			);
			sourceTree = "<group>";
		};
		EC93CD831C7E3DB900BC21F4 /* Products */ = {
			isa = PBXGroup;
			children = (
				EC93CD821C7E3DB900BC21F4 /* UITextField.app */,
				EC93CD9B1C7E3DB900BC21F4 /* UITextFieldTests.xctest */,
				EC93CDA61C7E3DB900BC21F4 /* UITextFieldUITests.xctest */,
			);
			name = Products;
			sourceTree = "<group>";
		};
		EC93CD841C7E3DB900BC21F4 /* UITextField */ = {
			isa = PBXGroup;
			children = (
				EC93CD881C7E3DB900BC21F4 /* AppDelegate.h */,
				EC93CD891C7E3DB900BC21F4 /* AppDelegate.m */,
				EC93CD8B1C7E3DB900BC21F4 /* ViewController.h */,
				EC93CD8C1C7E3DB900BC21F4 /* ViewController.m */,
				EC93CD8E1C7E3DB900BC21F4 /* Main.storyboard */,
				EC93CD911C7E3DB900BC21F4 /* Assets.xcassets */,
				EC93CD931C7E3DB900BC21F4 /* LaunchScreen.storyboard */,
				EC93CD961C7E3DB900BC21F4 /* Info.plist */,
				EC93CD851C7E3DB900BC21F4 /* Supporting Files */,
			);
			path = UITextField;
			sourceTree = "<group>";
		};
		EC93CD851C7E3DB900BC21F4 /* Supporting Files */ = {
			isa = PBXGroup;
			children = (
				EC93CD861C7E3DB900BC21F4 /* main.m */,
			);
			name = "Supporting Files";
			sourceTree = "<group>";
		};
		EC93CD9E1C7E3DB900BC21F4 /* UITextFieldTests */ = {
			isa = PBXGroup;
			children = (
				EC93CD9F1C7E3DB900BC21F4 /* UITextFieldTests.m */,
				EC93CDA11C7E3DB900BC21F4 /* Info.plist */,
			);
			path = UITextFieldTests;
			sourceTree = "<group>";
		};
		EC93CDA91C7E3DB900BC21F4 /* UITextFieldUITests */ = {
			isa = PBXGroup;
			children = (
				EC93CDAA1C7E3DB900BC21F4 /* UITextFieldUITests.m */,
				EC93CDAC1C7E3DB900BC21F4 /* Info.plist */,
			);
			path = UITextFieldUITests;
			sourceTree = "<group>";
		};
/* End PBXGroup section */

/* Begin PBXNativeTarget section */
		EC93CD811C7E3DB900BC21F4 /* UITextField */ = {
			isa = PBXNativeTarget;
			buildConfigurationList = EC93CDAF1C7E3DB900BC21F4 /* Build configuration list for PBXNativeTarget "UITextField" */;
			buildPhases = (
				EC93CD7E1C7E3DB900BC21F4 /* Sources */,
				EC93CD7F1C7E3DB900BC21F4 /* Frameworks */,
				EC93CD801C7E3DB900BC21F4 /* Resources */,
			);
			buildRules = (
			);
			dependencies = (
			);
			name = UITextField;
			productName = UITextField;
			productReference = EC93CD821C7E3DB900BC21F4 /* UITextField.app */;
			productType = "com.apple.product-type.application";
		};
		EC93CD9A1C7E3DB900BC21F4 /* UITextFieldTests */ = {
			isa = PBXNativeTarget;
			buildConfigurationList = EC93CDB21C7E3DB900BC21F4 /* Build configuration list for PBXNativeTarget "UITextFieldTests" */;
			buildPhases = (
				EC93CD971C7E3DB900BC21F4 /* Sources */,
				EC93CD981C7E3DB900BC21F4 /* Frameworks */,
				EC93CD991C7E3DB900BC21F4 /* Resources */,
			);
			buildRules = (
			);
			dependencies = (
				EC93CD9D1C7E3DB900BC21F4 /* PBXTargetDependency */,
			);
			name = UITextFieldTests;
			productName = UITextFieldTests;
			productReference = EC93CD9B1C7E3DB900BC21F4 /* UITextFieldTests.xctest */;
			productType = "com.apple.product-type.bundle.unit-test";
		};
		EC93CDA51C7E3DB900BC21F4 /* UITextFieldUITests */ = {
			isa = PBXNativeTarget;
			buildConfigurationList = EC93CDB51C7E3DB900BC21F4 /* Build configuration list for PBXNativeTarget "UITextFieldUITests" */;
			buildPhases = (
				EC93CDA21C7E3DB900BC21F4 /* Sources */,
				EC93CDA31C7E3DB900BC21F4 /* Frameworks */,
				EC93CDA41C7E3DB900BC21F4 /* Resources */,
			);
			buildRules = (
			);
			dependencies = (
				EC93CDA81C7E3DB900BC21F4 /* PBXTargetDependency */,
			);
			name = UITextFieldUITests;
			productName = UITextFieldUITests;
			productReference = EC93CDA61C7E3DB900BC21F4 /* UITextFieldUITests.xctest */;
			productType = "com.apple.product-type.bundle.ui-testing";
		};
/* End PBXNativeTarget section */

/* Begin PBXProject section */
		EC93CD7A1C7E3DB900BC21F4 /* Project object */ = {
			isa = PBXProject;
			attributes = {
				LastUpgradeCheck = 0720;
				ORGANIZATIONNAME = n0rf3n;
				TargetAttributes = {
					EC93CD811C7E3DB900BC21F4 = {
						CreatedOnToolsVersion = 7.2.1;
					};
					EC93CD9A1C7E3DB900BC21F4 = {
						CreatedOnToolsVersion = 7.2.1;
						TestTargetID = EC93CD811C7E3DB900BC21F4;
					};
					EC93CDA51C7E3DB900BC21F4 = {
						CreatedOnToolsVersion = 7.2.1;
						TestTargetID = EC93CD811C7E3DB900BC21F4;
					};
				};
			};
			buildConfigurationList = EC93CD7D1C7E3DB900BC21F4 /* Build configuration list for PBXProject "UITextField" */;
			compatibilityVersion = "Xcode 3.2";
			developmentRegion = English;
			hasScannedForEncodings = 0;
			knownRegions = (
				en,
				Base,
			);
			mainGroup = EC93CD791C7E3DB900BC21F4;
			productRefGroup = EC93CD831C7E3DB900BC21F4 /* Products */;
			projectDirPath = "";
			projectRoot = "";
			targets = (
				EC93CD811C7E3DB900BC21F4 /* UITextField */,
				EC93CD9A1C7E3DB900BC21F4 /* UITextFieldTests */,
				EC93CDA51C7E3DB900BC21F4 /* UITextFieldUITests */,
			);
		};
/* End PBXProject section */

/* Begin PBXResourcesBuildPhase section */
		EC93CD801C7E3DB900BC21F4 /* Resources */ = {
			isa = PBXResourcesBuildPhase;
			buildActionMask = 2147483647;
			files = (
				EC93CD951C7E3DB900BC21F4 /* LaunchScreen.storyboard in Resources */,
				EC93CD921C7E3DB900BC21F4 /* Assets.xcassets in Resources */,
				EC93CD901C7E3DB900BC21F4 /* Main.storyboard in Resources */,
			);
			runOnlyForDeploymentPostprocessing = 0;
		};
		EC93CD991C7E3DB900BC21F4 /* Resources */ = {
			isa = PBXResourcesBuildPhase;
			buildActionMask = 2147483647;
			files = (
			);
			runOnlyForDeploymentPostprocessing = 0;
		};
		EC93CDA41C7E3DB900BC21F4 /* Resources */ = {
			isa = PBXResourcesBuildPhase;
			buildActionMask = 2147483647;
			files = (
			);
			runOnlyForDeploymentPostprocessing = 0;
		};
/* End PBXResourcesBuildPhase section */

/* Begin PBXSourcesBuildPhase section */
		EC93CD7E1C7E3DB900BC21F4 /* Sources */ = {
			isa = PBXSourcesBuildPhase;
			buildActionMask = 2147483647;
			files = (
				EC93CD8D1C7E3DB900BC21F4 /* ViewController.m in Sources */,
				EC93CD8A1C7E3DB900BC21F4 /* AppDelegate.m in Sources */,
				EC93CD871C7E3DB900BC21F4 /* main.m in Sources */,
			);
			runOnlyForDeploymentPostprocessing = 0;
		};
		EC93CD971C7E3DB900BC21F4 /* Sources */ = {
			isa = PBXSourcesBuildPhase;
			buildActionMask = 2147483647;
			files = (
				EC93CDA01C7E3DB900BC21F4 /* UITextFieldTests.m in Sources */,
			);
			runOnlyForDeploymentPostprocessing = 0;
		};
		EC93CDA21C7E3DB900BC21F4 /* Sources */ = {
			isa = PBXSourcesBuildPhase;
			buildActionMask = 2147483647;
			files = (
				EC93CDAB1C7E3DB900BC21F4 /* UITextFieldUITests.m in Sources */,
			);
			runOnlyForDeploymentPostprocessing = 0;
		};
/* End PBXSourcesBuildPhase section */

/* Begin PBXTargetDependency section */
		EC93CD9D1C7E3DB900BC21F4 /* PBXTargetDependency */ = {
			isa = PBXTargetDependency;
			target = EC93CD811C7E3DB900BC21F4 /* UITextField */;
			targetProxy = EC93CD9C1C7E3DB900BC21F4 /* PBXContainerItemProxy */;
		};
		EC93CDA81C7E3DB900BC21F4 /* PBXTargetDependency */ = {
			isa = PBXTargetDependency;
			target = EC93CD811C7E3DB900BC21F4 /* UITextField */;
			targetProxy = EC93CDA71C7E3DB900BC21F4 /* PBXContainerItemProxy */;
		};
/* End PBXTargetDependency section */

/* Begin PBXVariantGroup section */
		EC93CD8E1C7E3DB900BC21F4 /* Main.storyboard */ = {
			isa = PBXVariantGroup;
			children = (
				EC93CD8F1C7E3DB900BC21F4 /* Base */,
			);
			name = Main.storyboard;
			sourceTree = "<group>";
		};
		EC93CD931C7E3DB900BC21F4 /* LaunchScreen.storyboard */ = {
			isa = PBXVariantGroup;
			children = (
				EC93CD941C7E3DB900BC21F4 /* Base */,
			);
			name = LaunchScreen.storyboard;
			sourceTree = "<group>";
		};
/* End PBXVariantGroup section */

/* Begin XCBuildConfiguration section */
		EC93CDAD1C7E3DB900BC21F4 /* Debug */ = {
			isa = XCBuildConfiguration;
			buildSettings = {
				ALWAYS_SEARCH_USER_PATHS = NO;
				CLANG_CXX_LANGUAGE_STANDARD = "gnu++0x";
				CLANG_CXX_LIBRARY = "libc++";
				CLANG_ENABLE_MODULES = YES;
				CLANG_ENABLE_OBJC_ARC = YES;
				CLANG_WARN_BOOL_CONVERSION = YES;
				CLANG_WARN_CONSTANT_CONVERSION = YES;
				CLANG_WARN_DIRECT_OBJC_ISA_USAGE = YES_ERROR;
				CLANG_WARN_EMPTY_BODY = YES;
				CLANG_WARN_ENUM_CONVERSION = YES;
				CLANG_WARN_INT_CONVERSION = YES;
				CLANG_WARN_OBJC_ROOT_CLASS = YES_ERROR;
				CLANG_WARN_UNREACHABLE_CODE = YES;
				CLANG_WARN__DUPLICATE_METHOD_MATCH = YES;
				"CODE_SIGN_IDENTITY[sdk=iphoneos*]" = "iPhone Developer";
				COPY_PHASE_STRIP = NO;
				DEBUG_INFORMATION_FORMAT = dwarf;
				ENABLE_STRICT_OBJC_MSGSEND = YES;
				ENABLE_TESTABILITY = YES;
				GCC_C_LANGUAGE_STANDARD = gnu99;
				GCC_DYNAMIC_NO_PIC = NO;
				GCC_NO_COMMON_BLOCKS = YES;
				GCC_OPTIMIZATION_LEVEL = 0;
				GCC_PREPROCESSOR_DEFINITIONS = (
					"DEBUG=1",
					"$(inherited)",
				);
				GCC_WARN_64_TO_32_BIT_CONVERSION = YES;
				GCC_WARN_ABOUT_RETURN_TYPE = YES_ERROR;
				GCC_WARN_UNDECLARED_SELECTOR = YES;
				GCC_WARN_UNINITIALIZED_AUTOS = YES_AGGRESSIVE;
				GCC_WARN_UNUSED_FUNCTION = YES;
				GCC_WARN_UNUSED_VARIABLE = YES;
				IPHONEOS_DEPLOYMENT_TARGET = 9.2;
				MTL_ENABLE_DEBUG_INFO = YES;
				ONLY_ACTIVE_ARCH = YES;
				SDKROOT = iphoneos;
			};
			name = Debug;
		};
		EC93CDAE1C7E3DB900BC21F4 /* Release */ = {
			isa = XCBuildConfiguration;
			buildSettings = {
				ALWAYS_SEARCH_USER_PATHS = NO;
				CLANG_CXX_LANGUAGE_STANDARD = "gnu++0x";
				CLANG_CXX_LIBRARY = "libc++";
				CLANG_ENABLE_MODULES = YES;
				CLANG_ENABLE_OBJC_ARC = YES;
				CLANG_WARN_BOOL_CONVERSION = YES;
				CLANG_WARN_CONSTANT_CONVERSION = YES;
				CLANG_WARN_DIRECT_OBJC_ISA_USAGE = YES_ERROR;
				CLANG_WARN_EMPTY_BODY = YES;
				CLANG_WARN_ENUM_CONVERSION = YES;
				CLANG_WARN_INT_CONVERSION = YES;
				CLANG_WARN_OBJC_ROOT_CLASS = YES_ERROR;
				CLANG_WARN_UNREACHABLE_CODE = YES;
				CLANG_WARN__DUPLICATE_METHOD_MATCH = YES;
				"CODE_SIGN_IDENTITY[sdk=iphoneos*]" = "iPhone Developer";
				COPY_PHASE_STRIP = NO;
				DEBUG_INFORMATION_FORMAT = "dwarf-with-dsym";
				ENABLE_NS_ASSERTIONS = NO;
				ENABLE_STRICT_OBJC_MSGSEND = YES;
				GCC_C_LANGUAGE_STANDARD = gnu99;
				GCC_NO_COMMON_BLOCKS = YES;
				GCC_WARN_64_TO_32_BIT_CONVERSION = YES;
				GCC_WARN_ABOUT_RETURN_TYPE = YES_ERROR;
				GCC_WARN_UNDECLARED_SELECTOR = YES;
				GCC_WARN_UNINITIALIZED_AUTOS = YES_AGGRESSIVE;
				GCC_WARN_UNUSED_FUNCTION = YES;
				GCC_WARN_UNUSED_VARIABLE = YES;
				IPHONEOS_DEPLOYMENT_TARGET = 9.2;
				MTL_ENABLE_DEBUG_INFO = NO;
				SDKROOT = iphoneos;
				VALIDATE_PRODUCT = YES;
			};
			name = Release;
		};
		EC93CDB01C7E3DB900BC21F4 /* Debug */ = {
			isa = XCBuildConfiguration;
			buildSettings = {
				ASSETCATALOG_COMPILER_APPICON_NAME = AppIcon;
				INFOPLIST_FILE = UITextField/Info.plist;
				LD_RUNPATH_SEARCH_PATHS = "$(inherited) @executable_path/Frameworks";
				PRODUCT_BUNDLE_IDENTIFIER = com.n0rf3n.UITextField;
				PRODUCT_NAME = "$(TARGET_NAME)";
			};
			name = Debug;
		};
		EC93CDB11C7E3DB900BC21F4 /* Release */ = {
			isa = XCBuildConfiguration;
			buildSettings = {
				ASSETCATALOG_COMPILER_APPICON_NAME = AppIcon;
				INFOPLIST_FILE = UITextField/Info.plist;
				LD_RUNPATH_SEARCH_PATHS = "$(inherited) @executable_path/Frameworks";
				PRODUCT_BUNDLE_IDENTIFIER = com.n0rf3n.UITextField;
				PRODUCT_NAME = "$(TARGET_NAME)";
			};
			name = Release;
		};
		EC93CDB31C7E3DB900BC21F4 /* Debug */ = {
			isa = XCBuildConfiguration;
			buildSettings = {
				BUNDLE_LOADER = "$(TEST_HOST)";
				INFOPLIST_FILE = UITextFieldTests/Info.plist;
				LD_RUNPATH_SEARCH_PATHS = "$(inherited) @executable_path/Frameworks @loader_path/Frameworks";
				PRODUCT_BUNDLE_IDENTIFIER = com.n0rf3n.UITextFieldTests;
				PRODUCT_NAME = "$(TARGET_NAME)";
				TEST_HOST = "$(BUILT_PRODUCTS_DIR)/UITextField.app/UITextField";
			};
			name = Debug;
		};
		EC93CDB41C7E3DB900BC21F4 /* Release */ = {
			isa = XCBuildConfiguration;
			buildSettings = {
				BUNDLE_LOADER = "$(TEST_HOST)";
				INFOPLIST_FILE = UITextFieldTests/Info.plist;
				LD_RUNPATH_SEARCH_PATHS = "$(inherited) @executable_path/Frameworks @loader_path/Frameworks";
				PRODUCT_BUNDLE_IDENTIFIER = com.n0rf3n.UITextFieldTests;
				PRODUCT_NAME = "$(TARGET_NAME)";
				TEST_HOST = "$(BUILT_PRODUCTS_DIR)/UITextField.app/UITextField";
			};
			name = Release;
		};
		EC93CDB61C7E3DB900BC21F4 /* Debug */ = {
			isa = XCBuildConfiguration;
			buildSettings = {
				INFOPLIST_FILE = UITextFieldUITests/Info.plist;
				LD_RUNPATH_SEARCH_PATHS = "$(inherited) @executable_path/Frameworks @loader_path/Frameworks";
				PRODUCT_BUNDLE_IDENTIFIER = com.n0rf3n.UITextFieldUITests;
				PRODUCT_NAME = "$(TARGET_NAME)";
				TEST_TARGET_NAME = UITextField;
				USES_XCTRUNNER = YES;
			};
			name = Debug;
		};
		EC93CDB71C7E3DB900BC21F4 /* Release */ = {
			isa = XCBuildConfiguration;
			buildSettings = {
				INFOPLIST_FILE = UITextFieldUITests/Info.plist;
				LD_RUNPATH_SEARCH_PATHS = "$(inherited) @executable_path/Frameworks @loader_path/Frameworks";
				PRODUCT_BUNDLE_IDENTIFIER = com.n0rf3n.UITextFieldUITests;
				PRODUCT_NAME = "$(TARGET_NAME)";
				TEST_TARGET_NAME = UITextField;
				USES_XCTRUNNER = YES;
			};
			name = Release;
		};
/* End XCBuildConfiguration section */

/* Begin XCConfigurationList section */
		EC93CD7D1C7E3DB900BC21F4 /* Build configuration list for PBXProject "UITextField" */ = {
			isa = XCConfigurationList;
			buildConfigurations = (
				EC93CDAD1C7E3DB900BC21F4 /* Debug */,
				EC93CDAE1C7E3DB900BC21F4 /* Release */,
			);
			defaultConfigurationIsVisible = 0;
			defaultConfigurationName = Release;
		};
		EC93CDAF1C7E3DB900BC21F4 /* Build configuration list for PBXNativeTarget "UITextField" */ = {
			isa = XCConfigurationList;
			buildConfigurations = (
				EC93CDB01C7E3DB900BC21F4 /* Debug */,
				EC93CDB11C7E3DB900BC21F4 /* Release */,
			);
			defaultConfigurationIsVisible = 0;
		};
		EC93CDB21C7E3DB900BC21F4 /* Build configuration list for PBXNativeTarget "UITextFieldTests" */ = {
			isa = XCConfigurationList;
			buildConfigurations = (
				EC93CDB31C7E3DB900BC21F4 /* Debug */,
				EC93CDB41C7E3DB900BC21F4 /* Release */,
			);
			defaultConfigurationIsVisible = 0;
		};
		EC93CDB51C7E3DB900BC21F4 /* Build configuration list for PBXNativeTarget "UITextFieldUITests" */ = {
			isa = XCConfigurationList;
			buildConfigurations = (
				EC93CDB61C7E3DB900BC21F4 /* Debug */,
				EC93CDB71C7E3DB900BC21F4 /* Release */,
			);
			defaultConfigurationIsVisible = 0;
		};
/* End XCConfigurationList section */
	};
	rootObject = EC93CD7A1C7E3DB900BC21F4 /* Project object */;
}
